lockfileVersion: '9.0'

settings:
  autoInstallPeers: true
  excludeLinksFromLockfile: false

importers:

  .:
    dependencies:
      chartjs-adapter-date-fns:
        specifier: ^3.0.0
        version: 3.0.0(chart.js@4.5.0)(date-fns@4.1.0)

packages:

  '@kurkle/color@0.3.4':
    resolution: {integrity: sha512-M5UknZPHRu3DEDWoipU6sE8PdkZ6Z/S+v4dD+Ke8IaNlpdSQah50lz1KtcFBa2vsdOnwbbnxJwVM4wty6udA5w==}

  chart.js@4.5.0:
    resolution: {integrity: sha512-aYeC/jDgSEx8SHWZvANYMioYMZ2KX02W6f6uVfyteuCGcadDLcYVHdfdygsTQkQ4TKn5lghoojAsPj5pu0SnvQ==}
    engines: {pnpm: '>=8'}

  chartjs-adapter-date-fns@3.0.0:
    resolution: {integrity: sha512-Rs3iEB3Q5pJ973J93OBTpnP7qoGwvq3nUnoMdtxO+9aoJof7UFcRbWcIDteXuYd1fgAvct/32T9qaLyLuZVwCg==}
    peerDependencies:
      chart.js: '>=2.8.0'
      date-fns: '>=2.0.0'

  date-fns@4.1.0:
    resolution: {integrity: sha512-Ukq0owbQXxa/U3EGtsdVBkR1w7KOQ5gIBqdH2hkvknzZPYvBxb/aa6E8L7tmjFtkwZBu3UXBbjIgPo/Ez4xaNg==}

snapshots:

  '@kurkle/color@0.3.4': {}

  chart.js@4.5.0:
    dependencies:
      '@kurkle/color': 0.3.4

  chartjs-adapter-date-fns@3.0.0(chart.js@4.5.0)(date-fns@4.1.0):
    dependencies:
      chart.js: 4.5.0
      date-fns: 4.1.0

  date-fns@4.1.0: {}
